
Microsoft Visual Studio Solution File, Format Version 12.00
# Visual Studio Version 17
VisualStudioVersion = 17.1.32328.378
MinimumVisualStudioVersion = 10.0.40219.1
Project("{FAE04EC0-301F-11D3-BF4B-00C04F79EFBC}") = "examCreator", "examCreator.csproj", "{06853280-ADE4-41A8-AB66-20DDF7F1069D}"
EndProject
Global
	GlobalSection(SolutionConfigurationPlatforms) = preSolution
		Debug|Any CPU = Debug|Any CPU
		Release|Any CPU = Release|Any CPU
	EndGlobalSection
	GlobalSection(ProjectConfigurationPlatforms) = postSolution
		{06853280-ADE4-41A8-AB66-20DDF7F1069D}.Debug|Any CPU.ActiveCfg = Debug|Any CPU
		{06853280-ADE4-41A8-AB66-20DDF7F1069D}.Debug|Any CPU.Build.0 = Debug|Any CPU
		{06853280-ADE4-41A8-AB66-20DDF7F1069D}.Release|Any CPU.ActiveCfg = Release|Any CPU
		{06853280-ADE4-41A8-AB66-20DDF7F1069D}.Release|Any CPU.Build.0 = Release|Any CPU
	EndGlobalSection
	GlobalSection(SolutionProperties) = preSolution
		HideSolutionNode = FALSE
	EndGlobalSection
	GlobalSection(ExtensibilityGlobals) = postSolution
		SolutionGuid = {4488C844-2C67-4445-B053-44E81A5A4D3C}
	EndGlobalSection
EndGlobal
